
Microsoft Visual Studio Solution File, Format Version 12.00
# Visual Studio 15
VisualStudioVersion = 15.0.28307.106
MinimumVisualStudioVersion = 10.0.40219.1
Project("{FAE04EC0-301F-11D3-BF4B-00C04F79EFBC}") = "Gig.PensionCalc.Terminal", "Gig.PensionCalc.Terminal.csproj", "{96846BA0-3AF9-4C3C-B220-ECA3D1FAA6DF}"
EndProject
Global
	GlobalSection(SolutionConfigurationPlatforms) = preSolution
		Debug|Any CPU = Debug|Any CPU
		Release|Any CPU = Release|Any CPU
	EndGlobalSection
	GlobalSection(ProjectConfigurationPlatforms) = postSolution
		{96846BA0-3AF9-4C3C-B220-ECA3D1FAA6DF}.Debug|Any CPU.ActiveCfg = Debug|Any CPU
		{96846BA0-3AF9-4C3C-B220-ECA3D1FAA6DF}.Debug|Any CPU.Build.0 = Debug|Any CPU
		{96846BA0-3AF9-4C3C-B220-ECA3D1FAA6DF}.Release|Any CPU.ActiveCfg = Release|Any CPU
		{96846BA0-3AF9-4C3C-B220-ECA3D1FAA6DF}.Release|Any CPU.Build.0 = Release|Any CPU
	EndGlobalSection
	GlobalSection(SolutionProperties) = preSolution
		HideSolutionNode = FALSE
	EndGlobalSection
	GlobalSection(ExtensibilityGlobals) = postSolution
		SolutionGuid = {22059686-494D-4572-9C9E-C9E26DD0B4BB}
	EndGlobalSection
EndGlobal
